
Microsoft Visual Studio Solution File, Format Version 10.00
# Visual C# Express 2008
Project("{FAE04EC0-301F-11D3-BF4B-00C04F79EFBC}") = "SlnDeps", "SlnDeps\SlnDeps.csproj", "{A7463604-EE77-413F-9624-927DEFB343DB}"
EndProject
Global
	GlobalSection(SolutionConfigurationPlatforms) = preSolution
		Debug|Any CPU = Debug|Any CPU
		Release|Any CPU = Release|Any CPU
	EndGlobalSection
	GlobalSection(ProjectConfigurationPlatforms) = postSolution
		{A7463604-EE77-413F-9624-927DEFB343DB}.Debug|Any CPU.ActiveCfg = Debug|Any CPU
		{A7463604-EE77-413F-9624-927DEFB343DB}.Debug|Any CPU.Build.0 = Debug|Any CPU
		{A7463604-EE77-413F-9624-927DEFB343DB}.Release|Any CPU.ActiveCfg = Release|Any CPU
		{A7463604-EE77-413F-9624-927DEFB343DB}.Release|Any CPU.Build.0 = Release|Any CPU
	EndGlobalSection
	GlobalSection(SolutionProperties) = preSolution
		HideSolutionNode = FALSE
	EndGlobalSection
EndGlobal
