
Microsoft Visual Studio Solution File, Format Version 12.00
# Visual Studio Version 16
VisualStudioVersion = 16.0.30104.148
MinimumVisualStudioVersion = 10.0.40219.1
Project("{FAE04EC0-301F-11D3-BF4B-00C04F79EFBC}") = "ShowAll", "ShowAll\ShowAll.csproj", "{67835CDA-F5D2-436E-97A4-7431045F3FBF}"
EndProject
Global
	GlobalSection(SolutionConfigurationPlatforms) = preSolution
		Debug|Any CPU = Debug|Any CPU
		Release|Any CPU = Release|Any CPU
	EndGlobalSection
	GlobalSection(ProjectConfigurationPlatforms) = postSolution
		{67835CDA-F5D2-436E-97A4-7431045F3FBF}.Debug|Any CPU.ActiveCfg = Debug|Any CPU
		{67835CDA-F5D2-436E-97A4-7431045F3FBF}.Debug|Any CPU.Build.0 = Debug|Any CPU
		{67835CDA-F5D2-436E-97A4-7431045F3FBF}.Release|Any CPU.ActiveCfg = Release|Any CPU
		{67835CDA-F5D2-436E-97A4-7431045F3FBF}.Release|Any CPU.Build.0 = Release|Any CPU
	EndGlobalSection
	GlobalSection(SolutionProperties) = preSolution
		HideSolutionNode = FALSE
	EndGlobalSection
	GlobalSection(ExtensibilityGlobals) = postSolution
		SolutionGuid = {A3C76217-3793-4F38-AE4E-9BD1C5F10DC4}
	EndGlobalSection
EndGlobal
