
Microsoft Visual Studio Solution File, Format Version 12.00
# Visual Studio Version 16
VisualStudioVersion = 16.0.30104.148
MinimumVisualStudioVersion = 10.0.40219.1
Project("{FAE04EC0-301F-11D3-BF4B-00C04F79EFBC}") = "LastFmApp", "LastFmApp\LastFmApp.csproj", "{657C8CCD-FDFF-406C-AD4D-7F23CA5E657F}"
EndProject
Project("{FAE04EC0-301F-11D3-BF4B-00C04F79EFBC}") = "LastFm", "..\LastFm\LastFm.csproj", "{0295F691-3BF1-45A9-9121-27E537F8018F}"
EndProject
Project("{FAE04EC0-301F-11D3-BF4B-00C04F79EFBC}") = "Util", "..\Util\Util.csproj", "{B65C01A8-C0D2-4A62-BE74-848FAC08CCB7}"
EndProject
Global
	GlobalSection(SolutionConfigurationPlatforms) = preSolution
		Debug|Any CPU = Debug|Any CPU
		Release|Any CPU = Release|Any CPU
	EndGlobalSection
	GlobalSection(ProjectConfigurationPlatforms) = postSolution
		{657C8CCD-FDFF-406C-AD4D-7F23CA5E657F}.Debug|Any CPU.ActiveCfg = Debug|Any CPU
		{657C8CCD-FDFF-406C-AD4D-7F23CA5E657F}.Debug|Any CPU.Build.0 = Debug|Any CPU
		{657C8CCD-FDFF-406C-AD4D-7F23CA5E657F}.Release|Any CPU.ActiveCfg = Release|Any CPU
		{657C8CCD-FDFF-406C-AD4D-7F23CA5E657F}.Release|Any CPU.Build.0 = Release|Any CPU
		{0295F691-3BF1-45A9-9121-27E537F8018F}.Debug|Any CPU.ActiveCfg = Debug|Any CPU
		{0295F691-3BF1-45A9-9121-27E537F8018F}.Debug|Any CPU.Build.0 = Debug|Any CPU
		{0295F691-3BF1-45A9-9121-27E537F8018F}.Release|Any CPU.ActiveCfg = Release|Any CPU
		{0295F691-3BF1-45A9-9121-27E537F8018F}.Release|Any CPU.Build.0 = Release|Any CPU
		{B65C01A8-C0D2-4A62-BE74-848FAC08CCB7}.Debug|Any CPU.ActiveCfg = Debug|Any CPU
		{B65C01A8-C0D2-4A62-BE74-848FAC08CCB7}.Debug|Any CPU.Build.0 = Debug|Any CPU
		{B65C01A8-C0D2-4A62-BE74-848FAC08CCB7}.Release|Any CPU.ActiveCfg = Release|Any CPU
		{B65C01A8-C0D2-4A62-BE74-848FAC08CCB7}.Release|Any CPU.Build.0 = Release|Any CPU
	EndGlobalSection
	GlobalSection(SolutionProperties) = preSolution
		HideSolutionNode = FALSE
	EndGlobalSection
	GlobalSection(ExtensibilityGlobals) = postSolution
		SolutionGuid = {32F9A88F-CEFA-4D05-9E72-9EBD3EF2B446}
	EndGlobalSection
EndGlobal
