
Microsoft Visual Studio Solution File, Format Version 12.00
# Visual Studio Version 16
VisualStudioVersion = 16.0.30104.148
MinimumVisualStudioVersion = 10.0.40219.1
Project("{FAE04EC0-301F-11D3-BF4B-00C04F79EFBC}") = "TextLines", "TextLines\TextLines.csproj", "{4960F935-4570-4048-AF6F-1AF110C4BF2B}"
EndProject
Global
	GlobalSection(SolutionConfigurationPlatforms) = preSolution
		Debug|Any CPU = Debug|Any CPU
		Release|Any CPU = Release|Any CPU
	EndGlobalSection
	GlobalSection(ProjectConfigurationPlatforms) = postSolution
		{4960F935-4570-4048-AF6F-1AF110C4BF2B}.Debug|Any CPU.ActiveCfg = Debug|Any CPU
		{4960F935-4570-4048-AF6F-1AF110C4BF2B}.Debug|Any CPU.Build.0 = Debug|Any CPU
		{4960F935-4570-4048-AF6F-1AF110C4BF2B}.Release|Any CPU.ActiveCfg = Release|Any CPU
		{4960F935-4570-4048-AF6F-1AF110C4BF2B}.Release|Any CPU.Build.0 = Release|Any CPU
	EndGlobalSection
	GlobalSection(SolutionProperties) = preSolution
		HideSolutionNode = FALSE
	EndGlobalSection
	GlobalSection(ExtensibilityGlobals) = postSolution
		SolutionGuid = {115A4568-50BF-4E8E-9A49-1D7CEA921A23}
	EndGlobalSection
EndGlobal
